// !$*UTF8*$!
{
	archiveVersion = 1;
	classes = {
	};
	objectVersion = 46;
	objects = {

/* Begin PBXBuildFile section */
		820151F41F8D031B00FF8AB9 /* AppDelegate.swift in Sources */ = {isa = PBXBuildFile; fileRef = 820151F31F8D031B00FF8AB9 /* AppDelegate.swift */; };
		820151F61F8D031B00FF8AB9 /* ViewController.swift in Sources */ = {isa = PBXBuildFile; fileRef = 820151F51F8D031B00FF8AB9 /* ViewController.swift */; };
		820151F91F8D031B00FF8AB9 /* Main.storyboard in Resources */ = {isa = PBXBuildFile; fileRef = 820151F71F8D031B00FF8AB9 /* Main.storyboard */; };
		820151FB1F8D031B00FF8AB9 /* Assets.xcassets in Resources */ = {isa = PBXBuildFile; fileRef = 820151FA1F8D031B00FF8AB9 /* Assets.xcassets */; };
		820151FE1F8D031B00FF8AB9 /* LaunchScreen.storyboard in Resources */ = {isa = PBXBuildFile; fileRef = 820151FC1F8D031B00FF8AB9 /* LaunchScreen.storyboard */; };
		820152061F8D054800FF8AB9 /* TableViewController.swift in Sources */ = {isa = PBXBuildFile; fileRef = 820152051F8D054800FF8AB9 /* TableViewController.swift */; };
		820152081F9196C700FF8AB9 /* japanesegoblin.jpeg in Resources */ = {isa = PBXBuildFile; fileRef = 820152071F9196C700FF8AB9 /* japanesegoblin.jpeg */; };
		8201520A1F9197B100FF8AB9 /* SecondViewController.swift in Sources */ = {isa = PBXBuildFile; fileRef = 820152091F9197B100FF8AB9 /* SecondViewController.swift */; };
		8201520C1F91A76800FF8AB9 /* ue.jpg in Resources */ = {isa = PBXBuildFile; fileRef = 8201520B1F91A76800FF8AB9 /* ue.jpg */; };
		8201520E1F91A78400FF8AB9 /* 空.jpg in Resources */ = {isa = PBXBuildFile; fileRef = 8201520D1F91A78400FF8AB9 /* 空.jpg */; };
		820152101F91A81900FF8AB9 /* buttonIcon.png in Resources */ = {isa = PBXBuildFile; fileRef = 8201520F1F91A81900FF8AB9 /* buttonIcon.png */; };
		820152121F921FC200FF8AB9 /* backtoPage.png in Resources */ = {isa = PBXBuildFile; fileRef = 820152111F921FC200FF8AB9 /* backtoPage.png */; };
		820152151F921FCD00FF8AB9 /* modoru.png in Resources */ = {isa = PBXBuildFile; fileRef = 820152131F921FCD00FF8AB9 /* modoru.png */; };
		820152161F921FCD00FF8AB9 /* susumu.png in Resources */ = {isa = PBXBuildFile; fileRef = 820152141F921FCD00FF8AB9 /* susumu.png */; };
		820152181F9224F000FF8AB9 /* WebViewController.swift in Sources */ = {isa = PBXBuildFile; fileRef = 820152171F9224F000FF8AB9 /* WebViewController.swift */; };
/* End PBXBuildFile section */

/* Begin PBXFileReference section */
		820151F01F8D031B00FF8AB9 /* Swift4TableView.app */ = {isa = PBXFileReference; explicitFileType = wrapper.application; includeInIndex = 0; path = Swift4TableView.app; sourceTree = BUILT_PRODUCTS_DIR; };
		820151F31F8D031B00FF8AB9 /* AppDelegate.swift */ = {isa = PBXFileReference; lastKnownFileType = sourcecode.swift; path = AppDelegate.swift; sourceTree = "<group>"; };
		820151F51F8D031B00FF8AB9 /* ViewController.swift */ = {isa = PBXFileReference; lastKnownFileType = sourcecode.swift; path = ViewController.swift; sourceTree = "<group>"; };
		820151F81F8D031B00FF8AB9 /* Base */ = {isa = PBXFileReference; lastKnownFileType = file.storyboard; name = Base; path = Base.lproj/Main.storyboard; sourceTree = "<group>"; };
		820151FA1F8D031B00FF8AB9 /* Assets.xcassets */ = {isa = PBXFileReference; lastKnownFileType = folder.assetcatalog; path = Assets.xcassets; sourceTree = "<group>"; };
		820151FD1F8D031B00FF8AB9 /* Base */ = {isa = PBXFileReference; lastKnownFileType = file.storyboard; name = Base; path = Base.lproj/LaunchScreen.storyboard; sourceTree = "<group>"; };
		820151FF1F8D031B00FF8AB9 /* Info.plist */ = {isa = PBXFileReference; lastKnownFileType = text.plist.xml; path = Info.plist; sourceTree = "<group>"; };
		820152051F8D054800FF8AB9 /* TableViewController.swift */ = {isa = PBXFileReference; fileEncoding = 4; lastKnownFileType = sourcecode.swift; path = TableViewController.swift; sourceTree = "<group>"; };
		820152071F9196C700FF8AB9 /* japanesegoblin.jpeg */ = {isa = PBXFileReference; lastKnownFileType = image.jpeg; name = japanesegoblin.jpeg; path = ../../../../Downloads/japanesegoblin.jpeg; sourceTree = "<group>"; };
		820152091F9197B100FF8AB9 /* SecondViewController.swift */ = {isa = PBXFileReference; fileEncoding = 4; lastKnownFileType = sourcecode.swift; path = SecondViewController.swift; sourceTree = "<group>"; };
		8201520B1F91A76800FF8AB9 /* ue.jpg */ = {isa = PBXFileReference; lastKnownFileType = image.jpeg; name = ue.jpg; path = ../../../../Downloads/ue.jpg; sourceTree = "<group>"; };
		8201520D1F91A78400FF8AB9 /* 空.jpg */ = {isa = PBXFileReference; lastKnownFileType = image.jpeg; name = "空.jpg"; path = "../../../../Downloads/空.jpg"; sourceTree = "<group>"; };
		8201520F1F91A81900FF8AB9 /* buttonIcon.png */ = {isa = PBXFileReference; lastKnownFileType = image.png; name = buttonIcon.png; path = "../../../../Downloads/Swift4Images&SampleCode/Swift4TableView/buttonIcon.png"; sourceTree = "<group>"; };
		820152111F921FC200FF8AB9 /* backtoPage.png */ = {isa = PBXFileReference; lastKnownFileType = image.png; name = backtoPage.png; path = "../../../../Downloads/Swift4Images&SampleCode/Swift4TableView/backtoPage.png"; sourceTree = "<group>"; };
		820152131F921FCD00FF8AB9 /* modoru.png */ = {isa = PBXFileReference; lastKnownFileType = image.png; name = modoru.png; path = "../../../../Downloads/Swift4Images&SampleCode/Swift4TableView/modoru.png"; sourceTree = "<group>"; };
		820152141F921FCD00FF8AB9 /* susumu.png */ = {isa = PBXFileReference; lastKnownFileType = image.png; name = susumu.png; path = "../../../../Downloads/Swift4Images&SampleCode/Swift4TableView/susumu.png"; sourceTree = "<group>"; };
		820152171F9224F000FF8AB9 /* WebViewController.swift */ = {isa = PBXFileReference; fileEncoding = 4; lastKnownFileType = sourcecode.swift; path = WebViewController.swift; sourceTree = "<group>"; };
/* End PBXFileReference section */

/* Begin PBXFrameworksBuildPhase section */
		820151ED1F8D031B00FF8AB9 /* Frameworks */ = {
			isa = PBXFrameworksBuildPhase;
			buildActionMask = 2147483647;
			files = (
			);
			runOnlyForDeploymentPostprocessing = 0;
		};
/* End PBXFrameworksBuildPhase section */

/* Begin PBXGroup section */
		820151E71F8D031B00FF8AB9 = {
			isa = PBXGroup;
			children = (
				820151F21F8D031B00FF8AB9 /* Swift4TableView */,
				820151F11F8D031B00FF8AB9 /* Products */,
			);
			sourceTree = "<group>";
		};
		820151F11F8D031B00FF8AB9 /* Products */ = {
			isa = PBXGroup;
			children = (
				820151F01F8D031B00FF8AB9 /* Swift4TableView.app */,
			);
			name = Products;
			sourceTree = "<group>";
		};
		820151F21F8D031B00FF8AB9 /* Swift4TableView */ = {
			isa = PBXGroup;
			children = (
				820152111F921FC200FF8AB9 /* backtoPage.png */,
				820152131F921FCD00FF8AB9 /* modoru.png */,
				820152141F921FCD00FF8AB9 /* susumu.png */,
				8201520D1F91A78400FF8AB9 /* 空.jpg */,
				8201520F1F91A81900FF8AB9 /* buttonIcon.png */,
				8201520B1F91A76800FF8AB9 /* ue.jpg */,
				820152071F9196C700FF8AB9 /* japanesegoblin.jpeg */,
				820151F31F8D031B00FF8AB9 /* AppDelegate.swift */,
				820151F51F8D031B00FF8AB9 /* ViewController.swift */,
				820152051F8D054800FF8AB9 /* TableViewController.swift */,
				820152171F9224F000FF8AB9 /* WebViewController.swift */,
				820151F71F8D031B00FF8AB9 /* Main.storyboard */,
				820152091F9197B100FF8AB9 /* SecondViewController.swift */,
				820151FA1F8D031B00FF8AB9 /* Assets.xcassets */,
				820151FC1F8D031B00FF8AB9 /* LaunchScreen.storyboard */,
				820151FF1F8D031B00FF8AB9 /* Info.plist */,
			);
			path = Swift4TableView;
			sourceTree = "<group>";
		};
/* End PBXGroup section */

/* Begin PBXNativeTarget section */
		820151EF1F8D031B00FF8AB9 /* Swift4TableView */ = {
			isa = PBXNativeTarget;
			buildConfigurationList = 820152021F8D031B00FF8AB9 /* Build configuration list for PBXNativeTarget "Swift4TableView" */;
			buildPhases = (
				820151EC1F8D031B00FF8AB9 /* Sources */,
				820151ED1F8D031B00FF8AB9 /* Frameworks */,
				820151EE1F8D031B00FF8AB9 /* Resources */,
			);
			buildRules = (
			);
			dependencies = (
			);
			name = Swift4TableView;
			productName = Swift4TableView;
			productReference = 820151F01F8D031B00FF8AB9 /* Swift4TableView.app */;
			productType = "com.apple.product-type.application";
		};
/* End PBXNativeTarget section */

/* Begin PBXProject section */
		820151E81F8D031B00FF8AB9 /* Project object */ = {
			isa = PBXProject;
			attributes = {
				LastSwiftUpdateCheck = 0820;
				LastUpgradeCheck = 0820;
				ORGANIZATIONNAME = com.hozumi;
				TargetAttributes = {
					820151EF1F8D031B00FF8AB9 = {
						CreatedOnToolsVersion = 8.2.1;
						ProvisioningStyle = Automatic;
					};
				};
			};
			buildConfigurationList = 820151EB1F8D031B00FF8AB9 /* Build configuration list for PBXProject "Swift4TableView" */;
			compatibilityVersion = "Xcode 3.2";
			developmentRegion = English;
			hasScannedForEncodings = 0;
			knownRegions = (
				en,
				Base,
			);
			mainGroup = 820151E71F8D031B00FF8AB9;
			productRefGroup = 820151F11F8D031B00FF8AB9 /* Products */;
			projectDirPath = "";
			projectRoot = "";
			targets = (
				820151EF1F8D031B00FF8AB9 /* Swift4TableView */,
			);
		};
/* End PBXProject section */

/* Begin PBXResourcesBuildPhase section */
		820151EE1F8D031B00FF8AB9 /* Resources */ = {
			isa = PBXResourcesBuildPhase;
			buildActionMask = 2147483647;
			files = (
				8201520E1F91A78400FF8AB9 /* 空.jpg in Resources */,
				8201520C1F91A76800FF8AB9 /* ue.jpg in Resources */,
				820152121F921FC200FF8AB9 /* backtoPage.png in Resources */,
				820151FE1F8D031B00FF8AB9 /* LaunchScreen.storyboard in Resources */,
				820152081F9196C700FF8AB9 /* japanesegoblin.jpeg in Resources */,
				820152151F921FCD00FF8AB9 /* modoru.png in Resources */,
				820151FB1F8D031B00FF8AB9 /* Assets.xcassets in Resources */,
				820152161F921FCD00FF8AB9 /* susumu.png in Resources */,
				820151F91F8D031B00FF8AB9 /* Main.storyboard in Resources */,
				820152101F91A81900FF8AB9 /* buttonIcon.png in Resources */,
			);
			runOnlyForDeploymentPostprocessing = 0;
		};
/* End PBXResourcesBuildPhase section */

/* Begin PBXSourcesBuildPhase section */
		820151EC1F8D031B00FF8AB9 /* Sources */ = {
			isa = PBXSourcesBuildPhase;
			buildActionMask = 2147483647;
			files = (
				8201520A1F9197B100FF8AB9 /* SecondViewController.swift in Sources */,
				820151F61F8D031B00FF8AB9 /* ViewController.swift in Sources */,
				820152061F8D054800FF8AB9 /* TableViewController.swift in Sources */,
				820152181F9224F000FF8AB9 /* WebViewController.swift in Sources */,
				820151F41F8D031B00FF8AB9 /* AppDelegate.swift in Sources */,
			);
			runOnlyForDeploymentPostprocessing = 0;
		};
/* End PBXSourcesBuildPhase section */

/* Begin PBXVariantGroup section */
		820151F71F8D031B00FF8AB9 /* Main.storyboard */ = {
			isa = PBXVariantGroup;
			children = (
				820151F81F8D031B00FF8AB9 /* Base */,
			);
			name = Main.storyboard;
			sourceTree = "<group>";
		};
		820151FC1F8D031B00FF8AB9 /* LaunchScreen.storyboard */ = {
			isa = PBXVariantGroup;
			children = (
				820151FD1F8D031B00FF8AB9 /* Base */,
			);
			name = LaunchScreen.storyboard;
			sourceTree = "<group>";
		};
/* End PBXVariantGroup section */

/* Begin XCBuildConfiguration section */
		820152001F8D031B00FF8AB9 /* Debug */ = {
			isa = XCBuildConfiguration;
			buildSettings = {
				ALWAYS_SEARCH_USER_PATHS = NO;
				CLANG_ANALYZER_NONNULL = YES;
				CLANG_CXX_LANGUAGE_STANDARD = "gnu++0x";
				CLANG_CXX_LIBRARY = "libc++";
				CLANG_ENABLE_MODULES = YES;
				CLANG_ENABLE_OBJC_ARC = YES;
				CLANG_WARN_BOOL_CONVERSION = YES;
				CLANG_WARN_CONSTANT_CONVERSION = YES;
				CLANG_WARN_DIRECT_OBJC_ISA_USAGE = YES_ERROR;
				CLANG_WARN_DOCUMENTATION_COMMENTS = YES;
				CLANG_WARN_EMPTY_BODY = YES;
				CLANG_WARN_ENUM_CONVERSION = YES;
				CLANG_WARN_INFINITE_RECURSION = YES;
				CLANG_WARN_INT_CONVERSION = YES;
				CLANG_WARN_OBJC_ROOT_CLASS = YES_ERROR;
				CLANG_WARN_SUSPICIOUS_MOVE = YES;
				CLANG_WARN_UNREACHABLE_CODE = YES;
				CLANG_WARN__DUPLICATE_METHOD_MATCH = YES;
				"CODE_SIGN_IDENTITY[sdk=iphoneos*]" = "iPhone Developer";
				COPY_PHASE_STRIP = NO;
				DEBUG_INFORMATION_FORMAT = dwarf;
				ENABLE_STRICT_OBJC_MSGSEND = YES;
				ENABLE_TESTABILITY = YES;
				GCC_C_LANGUAGE_STANDARD = gnu99;
				GCC_DYNAMIC_NO_PIC = NO;
				GCC_NO_COMMON_BLOCKS = YES;
				GCC_OPTIMIZATION_LEVEL = 0;
				GCC_PREPROCESSOR_DEFINITIONS = (
					"DEBUG=1",
					"$(inherited)",
				);
				GCC_WARN_64_TO_32_BIT_CONVERSION = YES;
				GCC_WARN_ABOUT_RETURN_TYPE = YES_ERROR;
				GCC_WARN_UNDECLARED_SELECTOR = YES;
				GCC_WARN_UNINITIALIZED_AUTOS = YES_AGGRESSIVE;
				GCC_WARN_UNUSED_FUNCTION = YES;
				GCC_WARN_UNUSED_VARIABLE = YES;
				IPHONEOS_DEPLOYMENT_TARGET = 10.2;
				MTL_ENABLE_DEBUG_INFO = YES;
				ONLY_ACTIVE_ARCH = YES;
				SDKROOT = iphoneos;
				SWIFT_ACTIVE_COMPILATION_CONDITIONS = DEBUG;
				SWIFT_OPTIMIZATION_LEVEL = "-Onone";
			};
			name = Debug;
		};
		820152011F8D031B00FF8AB9 /* Release */ = {
			isa = XCBuildConfiguration;
			buildSettings = {
				ALWAYS_SEARCH_USER_PATHS = NO;
				CLANG_ANALYZER_NONNULL = YES;
				CLANG_CXX_LANGUAGE_STANDARD = "gnu++0x";
				CLANG_CXX_LIBRARY = "libc++";
				CLANG_ENABLE_MODULES = YES;
				CLANG_ENABLE_OBJC_ARC = YES;
				CLANG_WARN_BOOL_CONVERSION = YES;
				CLANG_WARN_CONSTANT_CONVERSION = YES;
				CLANG_WARN_DIRECT_OBJC_ISA_USAGE = YES_ERROR;
				CLANG_WARN_DOCUMENTATION_COMMENTS = YES;
				CLANG_WARN_EMPTY_BODY = YES;
				CLANG_WARN_ENUM_CONVERSION = YES;
				CLANG_WARN_INFINITE_RECURSION = YES;
				CLANG_WARN_INT_CONVERSION = YES;
				CLANG_WARN_OBJC_ROOT_CLASS = YES_ERROR;
				CLANG_WARN_SUSPICIOUS_MOVE = YES;
				CLANG_WARN_UNREACHABLE_CODE = YES;
				CLANG_WARN__DUPLICATE_METHOD_MATCH = YES;
				"CODE_SIGN_IDENTITY[sdk=iphoneos*]" = "iPhone Developer";
				COPY_PHASE_STRIP = NO;
				DEBUG_INFORMATION_FORMAT = "dwarf-with-dsym";
				ENABLE_NS_ASSERTIONS = NO;
				ENABLE_STRICT_OBJC_MSGSEND = YES;
				GCC_C_LANGUAGE_STANDARD = gnu99;
				GCC_NO_COMMON_BLOCKS = YES;
				GCC_WARN_64_TO_32_BIT_CONVERSION = YES;
				GCC_WARN_ABOUT_RETURN_TYPE = YES_ERROR;
				GCC_WARN_UNDECLARED_SELECTOR = YES;
				GCC_WARN_UNINITIALIZED_AUTOS = YES_AGGRESSIVE;
				GCC_WARN_UNUSED_FUNCTION = YES;
				GCC_WARN_UNUSED_VARIABLE = YES;
				IPHONEOS_DEPLOYMENT_TARGET = 10.2;
				MTL_ENABLE_DEBUG_INFO = NO;
				SDKROOT = iphoneos;
				SWIFT_OPTIMIZATION_LEVEL = "-Owholemodule";
				VALIDATE_PRODUCT = YES;
			};
			name = Release;
		};
		820152031F8D031B00FF8AB9 /* Debug */ = {
			isa = XCBuildConfiguration;
			buildSettings = {
				ASSETCATALOG_COMPILER_APPICON_NAME = AppIcon;
				INFOPLIST_FILE = Swift4TableView/Info.plist;
				LD_RUNPATH_SEARCH_PATHS = "$(inherited) @executable_path/Frameworks";
				PRODUCT_BUNDLE_IDENTIFIER = jp.myapp.Swift4TableView;
				PRODUCT_NAME = "$(TARGET_NAME)";
				SWIFT_VERSION = 3.0;
			};
			name = Debug;
		};
		820152041F8D031B00FF8AB9 /* Release */ = {
			isa = XCBuildConfiguration;
			buildSettings = {
				ASSETCATALOG_COMPILER_APPICON_NAME = AppIcon;
				INFOPLIST_FILE = Swift4TableView/Info.plist;
				LD_RUNPATH_SEARCH_PATHS = "$(inherited) @executable_path/Frameworks";
				PRODUCT_BUNDLE_IDENTIFIER = jp.myapp.Swift4TableView;
				PRODUCT_NAME = "$(TARGET_NAME)";
				SWIFT_VERSION = 3.0;
			};
			name = Release;
		};
/* End XCBuildConfiguration section */

/* Begin XCConfigurationList section */
		820151EB1F8D031B00FF8AB9 /* Build configuration list for PBXProject "Swift4TableView" */ = {
			isa = XCConfigurationList;
			buildConfigurations = (
				820152001F8D031B00FF8AB9 /* Debug */,
				820152011F8D031B00FF8AB9 /* Release */,
			);
			defaultConfigurationIsVisible = 0;
			defaultConfigurationName = Release;
		};
		820152021F8D031B00FF8AB9 /* Build configuration list for PBXNativeTarget "Swift4TableView" */ = {
			isa = XCConfigurationList;
			buildConfigurations = (
				820152031F8D031B00FF8AB9 /* Debug */,
				820152041F8D031B00FF8AB9 /* Release */,
			);
			defaultConfigurationIsVisible = 0;
		};
/* End XCConfigurationList section */
	};
	rootObject = 820151E81F8D031B00FF8AB9 /* Project object */;
}
